VERSION=0.18.1
RELEASE_TAG=v0.18.1
SOURCE_REPOSITORY=restic/restic
SOURCE_COMMIT=7d0aa7f2e30546fba7c8f1c0bae4d6704e3d8423
SOURCE_URL=https://github.com/restic/restic/releases/download/v0.18.1/restic_0.18.1_linux_amd64.bz2
SOURCE_SHA256=680838f19d67151adba227e1570cdd8af12c19cf1735783ed1ba928bc41f363d
SOURCE_DATE_EPOCH=1758479078
