VERSION=2.69.4
RELEASE_TAG=v2.69.4
SOURCE_REPOSITORY=twpayne/chezmoi
SOURCE_COMMIT=c4c669c9f2f329233a85802014d26fba3c58a4a4
SOURCE_URL=https://github.com/twpayne/chezmoi/releases/download/v2.69.4/chezmoi_2.69.4_linux_amd64.tar.gz
SOURCE_SHA256=5054cf09cb2993725f525c8bb6ec3ff8625489ecfc061e019c17e737e7c7057b
SOURCE_DATE_EPOCH=1770800687
